
Microsoft Visual Studio Solution File, Format Version 12.00
# Visual Studio 2013
VisualStudioVersion = 12.0.30501.0
MinimumVisualStudioVersion = 10.0.40219.1
Project("{FAE04EC0-301F-11D3-BF4B-00C04F79EFBC}") = "WindowsFormsApplication1", "WindowsFormsApplication1\WindowsFormsApplication1.csproj", "{E8205E67-0127-4078-BA7F-89CA0B2D6D3B}"
EndProject
Project("{54435603-DBB4-11D2-8724-00A0C9A8B90C}") = "Konnectify", "Konnectify\Konnectify.vdproj", "{3959E998-E473-450B-9C6A-13311F8D0319}"
EndProject
Global
	GlobalSection(SolutionConfigurationPlatforms) = preSolution
		Debug|Any CPU = Debug|Any CPU
		Release|Any CPU = Release|Any CPU
	EndGlobalSection
	GlobalSection(ProjectConfigurationPlatforms) = postSolution
		{E8205E67-0127-4078-BA7F-89CA0B2D6D3B}.Debug|Any CPU.ActiveCfg = Debug|Any CPU
		{E8205E67-0127-4078-BA7F-89CA0B2D6D3B}.Debug|Any CPU.Build.0 = Debug|Any CPU
		{E8205E67-0127-4078-BA7F-89CA0B2D6D3B}.Release|Any CPU.ActiveCfg = Release|Any CPU
		{E8205E67-0127-4078-BA7F-89CA0B2D6D3B}.Release|Any CPU.Build.0 = Release|Any CPU
		{3959E998-E473-450B-9C6A-13311F8D0319}.Debug|Any CPU.ActiveCfg = Debug
		{3959E998-E473-450B-9C6A-13311F8D0319}.Release|Any CPU.ActiveCfg = Release
	EndGlobalSection
	GlobalSection(SolutionProperties) = preSolution
		HideSolutionNode = FALSE
	EndGlobalSection
EndGlobal
